
Microsoft Visual Studio Solution File, Format Version 12.00
# Visual Studio Version 17
VisualStudioVersion = 17.0.32112.339
MinimumVisualStudioVersion = 10.0.40219.1
Project("{FAE04EC0-301F-11D3-BF4B-00C04F79EFBC}") = "C-Sharp-WFA-OOP", "C-Sharp-WFA-OOP\C-Sharp-WFA-OOP.csproj", "{BD42BE7B-8F20-4B0A-8F7D-082C6BDBC831}"
EndProject
Global
	GlobalSection(SolutionConfigurationPlatforms) = preSolution
		Debug|Any CPU = Debug|Any CPU
		Release|Any CPU = Release|Any CPU
	EndGlobalSection
	GlobalSection(ProjectConfigurationPlatforms) = postSolution
		{BD42BE7B-8F20-4B0A-8F7D-082C6BDBC831}.Debug|Any CPU.ActiveCfg = Debug|Any CPU
		{BD42BE7B-8F20-4B0A-8F7D-082C6BDBC831}.Debug|Any CPU.Build.0 = Debug|Any CPU
		{BD42BE7B-8F20-4B0A-8F7D-082C6BDBC831}.Release|Any CPU.ActiveCfg = Release|Any CPU
		{BD42BE7B-8F20-4B0A-8F7D-082C6BDBC831}.Release|Any CPU.Build.0 = Release|Any CPU
	EndGlobalSection
	GlobalSection(SolutionProperties) = preSolution
		HideSolutionNode = FALSE
	EndGlobalSection
	GlobalSection(ExtensibilityGlobals) = postSolution
		SolutionGuid = {CEB5975F-8135-4202-8F98-A72B8F76E0C9}
	EndGlobalSection
EndGlobal
